
Microsoft Visual Studio Solution File, Format Version 12.00
# Visual Studio Version 17
VisualStudioVersion = 17.0.31903.59
MinimumVisualStudioVersion = 10.0.40219.1
Project("{2150E333-8FDC-42A3-9474-1A3956D46DE8}") = "app", "app", "{15F08642-49CE-4BB9-9CC7-305CAA736A25}"
EndProject
Project("{FAE04EC0-301F-11D3-BF4B-00C04F79EFBC}") = "db_app", "app\db_app\db_app.csproj", "{873F024E-13A1-4E1A-A12A-450BEDDE21CC}"
EndProject
Global
	GlobalSection(SolutionConfigurationPlatforms) = preSolution
		Debug|Any CPU = Debug|Any CPU
		Release|Any CPU = Release|Any CPU
	EndGlobalSection
	GlobalSection(SolutionProperties) = preSolution
		HideSolutionNode = FALSE
	EndGlobalSection
	GlobalSection(ProjectConfigurationPlatforms) = postSolution
		{873F024E-13A1-4E1A-A12A-450BEDDE21CC}.Debug|Any CPU.ActiveCfg = Debug|Any CPU
		{873F024E-13A1-4E1A-A12A-450BEDDE21CC}.Debug|Any CPU.Build.0 = Debug|Any CPU
		{873F024E-13A1-4E1A-A12A-450BEDDE21CC}.Release|Any CPU.ActiveCfg = Release|Any CPU
		{873F024E-13A1-4E1A-A12A-450BEDDE21CC}.Release|Any CPU.Build.0 = Release|Any CPU
	EndGlobalSection
	GlobalSection(NestedProjects) = preSolution
		{873F024E-13A1-4E1A-A12A-450BEDDE21CC} = {15F08642-49CE-4BB9-9CC7-305CAA736A25}
	EndGlobalSection
EndGlobal
